// !$*UTF8*$!
{
	archiveVersion = 1;
	classes = {
	};
	objectVersion = 46;
	objects = {

/* Begin PBXBuildFile section */
		6FC2F82117D6C09C00E0363C /* Foundation.framework in Frameworks */ = {isa = PBXBuildFile; fileRef = 6FC2F82017D6C09C00E0363C /* Foundation.framework */; };
		6FC2F84717D6C0F800E0363C /* NSData+AES.m in Sources */ = {isa = PBXBuildFile; fileRef = 6FC2F83117D6C0F800E0363C /* NSData+AES.m */; };
		6FC2F84817D6C0F800E0363C /* NSDate+Translator.m in Sources */ = {isa = PBXBuildFile; fileRef = 6FC2F83417D6C0F800E0363C /* NSDate+Translator.m */; };
		6FC2F84917D6C0F800E0363C /* NSNumber+Date.m in Sources */ = {isa = PBXBuildFile; fileRef = 6FC2F83717D6C0F800E0363C /* NSNumber+Date.m */; };
		6FC2F84A17D6C0F800E0363C /* UIColor+HexString.m in Sources */ = {isa = PBXBuildFile; fileRef = 6FC2F83A17D6C0F800E0363C /* UIColor+HexString.m */; };
		6FC2F84B17D6C0F800E0363C /* UIDevice+Resolutions.m in Sources */ = {isa = PBXBuildFile; fileRef = 6FC2F83D17D6C0F800E0363C /* UIDevice+Resolutions.m */; };
		6FC2F84C17D6C0F800E0363C /* UIImage+H568.m in Sources */ = {isa = PBXBuildFile; fileRef = 6FC2F84017D6C0F800E0363C /* UIImage+H568.m */; };
		6FC2F84D17D6C0F800E0363C /* UINavigationController+Pilot.m in Sources */ = {isa = PBXBuildFile; fileRef = 6FC2F84317D6C0F800E0363C /* UINavigationController+Pilot.m */; };
		6FC2F84E17D6C0F800E0363C /* UIView+ViewFrameGeometry.m in Sources */ = {isa = PBXBuildFile; fileRef = 6FC2F84617D6C0F800E0363C /* UIView+ViewFrameGeometry.m */; };
/* End PBXBuildFile section */

/* Begin PBXCopyFilesBuildPhase section */
		6FC2F81B17D6C09C00E0363C /* CopyFiles */ = {
			isa = PBXCopyFilesBuildPhase;
			buildActionMask = 2147483647;
			dstPath = "include/${PRODUCT_NAME}";
			dstSubfolderSpec = 16;
			files = (
			);
			runOnlyForDeploymentPostprocessing = 0;
		};
/* End PBXCopyFilesBuildPhase section */

/* Begin PBXFileReference section */
		6FC2F81D17D6C09C00E0363C /* libOLCategoryHelper.a */ = {isa = PBXFileReference; explicitFileType = archive.ar; includeInIndex = 0; path = libOLCategoryHelper.a; sourceTree = BUILT_PRODUCTS_DIR; };
		6FC2F82017D6C09C00E0363C /* Foundation.framework */ = {isa = PBXFileReference; lastKnownFileType = wrapper.framework; name = Foundation.framework; path = System/Library/Frameworks/Foundation.framework; sourceTree = SDKROOT; };
		6FC2F82417D6C09C00E0363C /* OLCategoryHelper-Prefix.pch */ = {isa = PBXFileReference; lastKnownFileType = sourcecode.c.h; path = "OLCategoryHelper-Prefix.pch"; sourceTree = "<group>"; };
		6FC2F83017D6C0F800E0363C /* NSData+AES.h */ = {isa = PBXFileReference; fileEncoding = 4; lastKnownFileType = sourcecode.c.h; path = "NSData+AES.h"; sourceTree = "<group>"; };
		6FC2F83117D6C0F800E0363C /* NSData+AES.m */ = {isa = PBXFileReference; fileEncoding = 4; lastKnownFileType = sourcecode.c.objc; path = "NSData+AES.m"; sourceTree = "<group>"; };
		6FC2F83317D6C0F800E0363C /* NSDate+Translator.h */ = {isa = PBXFileReference; fileEncoding = 4; lastKnownFileType = sourcecode.c.h; path = "NSDate+Translator.h"; sourceTree = "<group>"; };
		6FC2F83417D6C0F800E0363C /* NSDate+Translator.m */ = {isa = PBXFileReference; fileEncoding = 4; lastKnownFileType = sourcecode.c.objc; path = "NSDate+Translator.m"; sourceTree = "<group>"; };
		6FC2F83617D6C0F800E0363C /* NSNumber+Date.h */ = {isa = PBXFileReference; fileEncoding = 4; lastKnownFileType = sourcecode.c.h; path = "NSNumber+Date.h"; sourceTree = "<group>"; };
		6FC2F83717D6C0F800E0363C /* NSNumber+Date.m */ = {isa = PBXFileReference; fileEncoding = 4; lastKnownFileType = sourcecode.c.objc; path = "NSNumber+Date.m"; sourceTree = "<group>"; };
		6FC2F83917D6C0F800E0363C /* UIColor+HexString.h */ = {isa = PBXFileReference; fileEncoding = 4; lastKnownFileType = sourcecode.c.h; path = "UIColor+HexString.h"; sourceTree = "<group>"; };
		6FC2F83A17D6C0F800E0363C /* UIColor+HexString.m */ = {isa = PBXFileReference; fileEncoding = 4; lastKnownFileType = sourcecode.c.objc; path = "UIColor+HexString.m"; sourceTree = "<group>"; };
		6FC2F83C17D6C0F800E0363C /* UIDevice+Resolutions.h */ = {isa = PBXFileReference; fileEncoding = 4; lastKnownFileType = sourcecode.c.h; path = "UIDevice+Resolutions.h"; sourceTree = "<group>"; };
		6FC2F83D17D6C0F800E0363C /* UIDevice+Resolutions.m */ = {isa = PBXFileReference; fileEncoding = 4; lastKnownFileType = sourcecode.c.objc; path = "UIDevice+Resolutions.m"; sourceTree = "<group>"; };
		6FC2F83F17D6C0F800E0363C /* UIImage+H568.h */ = {isa = PBXFileReference; fileEncoding = 4; lastKnownFileType = sourcecode.c.h; path = "UIImage+H568.h"; sourceTree = "<group>"; };
		6FC2F84017D6C0F800E0363C /* UIImage+H568.m */ = {isa = PBXFileReference; fileEncoding = 4; lastKnownFileType = sourcecode.c.objc; path = "UIImage+H568.m"; sourceTree = "<group>"; };
		6FC2F84217D6C0F800E0363C /* UINavigationController+Pilot.h */ = {isa = PBXFileReference; fileEncoding = 4; lastKnownFileType = sourcecode.c.h; path = "UINavigationController+Pilot.h"; sourceTree = "<group>"; };
		6FC2F84317D6C0F800E0363C /* UINavigationController+Pilot.m */ = {isa = PBXFileReference; fileEncoding = 4; lastKnownFileType = sourcecode.c.objc; path = "UINavigationController+Pilot.m"; sourceTree = "<group>"; };
		6FC2F84517D6C0F800E0363C /* UIView+ViewFrameGeometry.h */ = {isa = PBXFileReference; fileEncoding = 4; lastKnownFileType = sourcecode.c.h; path = "UIView+ViewFrameGeometry.h"; sourceTree = "<group>"; };
		6FC2F84617D6C0F800E0363C /* UIView+ViewFrameGeometry.m */ = {isa = PBXFileReference; fileEncoding = 4; lastKnownFileType = sourcecode.c.objc; path = "UIView+ViewFrameGeometry.m"; sourceTree = "<group>"; };
/* End PBXFileReference section */

/* Begin PBXFrameworksBuildPhase section */
		6FC2F81A17D6C09C00E0363C /* Frameworks */ = {
			isa = PBXFrameworksBuildPhase;
			buildActionMask = 2147483647;
			files = (
				6FC2F82117D6C09C00E0363C /* Foundation.framework in Frameworks */,
			);
			runOnlyForDeploymentPostprocessing = 0;
		};
/* End PBXFrameworksBuildPhase section */

/* Begin PBXGroup section */
		6FC2F81417D6C09C00E0363C = {
			isa = PBXGroup;
			children = (
				6FC2F82E17D6C0F800E0363C /* Category */,
				6FC2F82317D6C09C00E0363C /* Supporting Files */,
				6FC2F81F17D6C09C00E0363C /* Frameworks */,
				6FC2F81E17D6C09C00E0363C /* Products */,
			);
			sourceTree = "<group>";
		};
		6FC2F81E17D6C09C00E0363C /* Products */ = {
			isa = PBXGroup;
			children = (
				6FC2F81D17D6C09C00E0363C /* libOLCategoryHelper.a */,
			);
			name = Products;
			sourceTree = "<group>";
		};
		6FC2F81F17D6C09C00E0363C /* Frameworks */ = {
			isa = PBXGroup;
			children = (
				6FC2F82017D6C09C00E0363C /* Foundation.framework */,
			);
			name = Frameworks;
			sourceTree = "<group>";
		};
		6FC2F82317D6C09C00E0363C /* Supporting Files */ = {
			isa = PBXGroup;
			children = (
				6FC2F82417D6C09C00E0363C /* OLCategoryHelper-Prefix.pch */,
			);
			name = "Supporting Files";
			path = OLCategoryHelper;
			sourceTree = "<group>";
		};
		6FC2F82E17D6C0F800E0363C /* Category */ = {
			isa = PBXGroup;
			children = (
				6FC2F84F17D6C5F700E0363C /* NSData */,
				6FC2F85017D6C60A00E0363C /* NSDate */,
				6FC2F85117D6C61500E0363C /* NSNumber */,
				6FC2F85217D6C61B00E0363C /* UIColor */,
				6FC2F85417D6C62A00E0363C /* UIDevice */,
				6FC2F85617D6C63800E0363C /* UIImage */,
				6FC2F85717D6C64300E0363C /* UINavigationController */,
				6FC2F85817D6C64800E0363C /* UIView */,
			);
			name = Category;
			path = OLCategoryHelper/Category;
			sourceTree = "<group>";
		};
		6FC2F82F17D6C0F800E0363C /* NSData+AES */ = {
			isa = PBXGroup;
			children = (
				6FC2F83017D6C0F800E0363C /* NSData+AES.h */,
				6FC2F83117D6C0F800E0363C /* NSData+AES.m */,
			);
			path = "NSData+AES";
			sourceTree = "<group>";
		};
		6FC2F83217D6C0F800E0363C /* NSDate+Translator */ = {
			isa = PBXGroup;
			children = (
				6FC2F83317D6C0F800E0363C /* NSDate+Translator.h */,
				6FC2F83417D6C0F800E0363C /* NSDate+Translator.m */,
			);
			name = "NSDate+Translator";
			path = "NSDate+Helper";
			sourceTree = "<group>";
		};
		6FC2F83517D6C0F800E0363C /* NSNumber+Date */ = {
			isa = PBXGroup;
			children = (
				6FC2F83617D6C0F800E0363C /* NSNumber+Date.h */,
				6FC2F83717D6C0F800E0363C /* NSNumber+Date.m */,
			);
			name = "NSNumber+Date";
			path = "NSNumber+Helper";
			sourceTree = "<group>";
		};
		6FC2F83817D6C0F800E0363C /* UIColor+Helper */ = {
			isa = PBXGroup;
			children = (
				6FC2F83917D6C0F800E0363C /* UIColor+HexString.h */,
				6FC2F83A17D6C0F800E0363C /* UIColor+HexString.m */,
			);
			path = "UIColor+Helper";
			sourceTree = "<group>";
		};
		6FC2F83B17D6C0F800E0363C /* UIDevice+Resolutions */ = {
			isa = PBXGroup;
			children = (
				6FC2F83C17D6C0F800E0363C /* UIDevice+Resolutions.h */,
				6FC2F83D17D6C0F800E0363C /* UIDevice+Resolutions.m */,
			);
			path = "UIDevice+Resolutions";
			sourceTree = "<group>";
		};
		6FC2F83E17D6C0F800E0363C /* UIImage+H568 */ = {
			isa = PBXGroup;
			children = (
				6FC2F83F17D6C0F800E0363C /* UIImage+H568.h */,
				6FC2F84017D6C0F800E0363C /* UIImage+H568.m */,
			);
			path = "UIImage+H568";
			sourceTree = "<group>";
		};
		6FC2F84117D6C0F800E0363C /* UINavigationController+Pilot */ = {
			isa = PBXGroup;
			children = (
				6FC2F84217D6C0F800E0363C /* UINavigationController+Pilot.h */,
				6FC2F84317D6C0F800E0363C /* UINavigationController+Pilot.m */,
			);
			name = "UINavigationController+Pilot";
			path = "UINavigationController+Helper";
			sourceTree = "<group>";
		};
		6FC2F84417D6C0F800E0363C /* UIView+ViewFrameGeometry */ = {
			isa = PBXGroup;
			children = (
				6FC2F84517D6C0F800E0363C /* UIView+ViewFrameGeometry.h */,
				6FC2F84617D6C0F800E0363C /* UIView+ViewFrameGeometry.m */,
			);
			path = "UIView+ViewFrameGeometry";
			sourceTree = "<group>";
		};
		6FC2F84F17D6C5F700E0363C /* NSData */ = {
			isa = PBXGroup;
			children = (
				6FC2F82F17D6C0F800E0363C /* NSData+AES */,
			);
			name = NSData;
			sourceTree = "<group>";
		};
		6FC2F85017D6C60A00E0363C /* NSDate */ = {
			isa = PBXGroup;
			children = (
				6FC2F83217D6C0F800E0363C /* NSDate+Translator */,
			);
			name = NSDate;
			sourceTree = "<group>";
		};
		6FC2F85117D6C61500E0363C /* NSNumber */ = {
			isa = PBXGroup;
			children = (
				6FC2F83517D6C0F800E0363C /* NSNumber+Date */,
			);
			name = NSNumber;
			sourceTree = "<group>";
		};
		6FC2F85217D6C61B00E0363C /* UIColor */ = {
			isa = PBXGroup;
			children = (
				6FC2F83817D6C0F800E0363C /* UIColor+Helper */,
			);
			name = UIColor;
			sourceTree = "<group>";
		};
		6FC2F85417D6C62A00E0363C /* UIDevice */ = {
			isa = PBXGroup;
			children = (
				6FC2F83B17D6C0F800E0363C /* UIDevice+Resolutions */,
			);
			name = UIDevice;
			sourceTree = "<group>";
		};
		6FC2F85617D6C63800E0363C /* UIImage */ = {
			isa = PBXGroup;
			children = (
				6FC2F83E17D6C0F800E0363C /* UIImage+H568 */,
			);
			name = UIImage;
			sourceTree = "<group>";
		};
		6FC2F85717D6C64300E0363C /* UINavigationController */ = {
			isa = PBXGroup;
			children = (
				6FC2F84117D6C0F800E0363C /* UINavigationController+Pilot */,
			);
			name = UINavigationController;
			sourceTree = "<group>";
		};
		6FC2F85817D6C64800E0363C /* UIView */ = {
			isa = PBXGroup;
			children = (
				6FC2F84417D6C0F800E0363C /* UIView+ViewFrameGeometry */,
			);
			name = UIView;
			sourceTree = "<group>";
		};
/* End PBXGroup section */

/* Begin PBXNativeTarget section */
		6FC2F81C17D6C09C00E0363C /* OLCategoryHelper */ = {
			isa = PBXNativeTarget;
			buildConfigurationList = 6FC2F82B17D6C09C00E0363C /* Build configuration list for PBXNativeTarget "OLCategoryHelper" */;
			buildPhases = (
				6FC2F81917D6C09C00E0363C /* Sources */,
				6FC2F81A17D6C09C00E0363C /* Frameworks */,
				6FC2F81B17D6C09C00E0363C /* CopyFiles */,
			);
			buildRules = (
			);
			dependencies = (
			);
			name = OLCategoryHelper;
			productName = OLCategoryHelper;
			productReference = 6FC2F81D17D6C09C00E0363C /* libOLCategoryHelper.a */;
			productType = "com.apple.product-type.library.static";
		};
/* End PBXNativeTarget section */

/* Begin PBXProject section */
		6FC2F81517D6C09C00E0363C /* Project object */ = {
			isa = PBXProject;
			attributes = {
				LastUpgradeCheck = 0460;
				ORGANIZATIONNAME = Octalord;
			};
			buildConfigurationList = 6FC2F81817D6C09C00E0363C /* Build configuration list for PBXProject "OLCategoryHelper" */;
			compatibilityVersion = "Xcode 3.2";
			developmentRegion = English;
			hasScannedForEncodings = 0;
			knownRegions = (
				en,
			);
			mainGroup = 6FC2F81417D6C09C00E0363C;
			productRefGroup = 6FC2F81E17D6C09C00E0363C /* Products */;
			projectDirPath = "";
			projectRoot = "";
			targets = (
				6FC2F81C17D6C09C00E0363C /* OLCategoryHelper */,
			);
		};
/* End PBXProject section */

/* Begin PBXSourcesBuildPhase section */
		6FC2F81917D6C09C00E0363C /* Sources */ = {
			isa = PBXSourcesBuildPhase;
			buildActionMask = 2147483647;
			files = (
				6FC2F84717D6C0F800E0363C /* NSData+AES.m in Sources */,
				6FC2F84817D6C0F800E0363C /* NSDate+Translator.m in Sources */,
				6FC2F84917D6C0F800E0363C /* NSNumber+Date.m in Sources */,
				6FC2F84A17D6C0F800E0363C /* UIColor+HexString.m in Sources */,
				6FC2F84B17D6C0F800E0363C /* UIDevice+Resolutions.m in Sources */,
				6FC2F84C17D6C0F800E0363C /* UIImage+H568.m in Sources */,
				6FC2F84D17D6C0F800E0363C /* UINavigationController+Pilot.m in Sources */,
				6FC2F84E17D6C0F800E0363C /* UIView+ViewFrameGeometry.m in Sources */,
			);
			runOnlyForDeploymentPostprocessing = 0;
		};
/* End PBXSourcesBuildPhase section */

/* Begin XCBuildConfiguration section */
		6FC2F82917D6C09C00E0363C /* Debug */ = {
			isa = XCBuildConfiguration;
			buildSettings = {
				ALWAYS_SEARCH_USER_PATHS = NO;
				CLANG_CXX_LANGUAGE_STANDARD = "gnu++0x";
				CLANG_CXX_LIBRARY = "libc++";
				CLANG_WARN_CONSTANT_CONVERSION = YES;
				CLANG_WARN_EMPTY_BODY = YES;
				CLANG_WARN_ENUM_CONVERSION = YES;
				CLANG_WARN_INT_CONVERSION = YES;
				CLANG_WARN__DUPLICATE_METHOD_MATCH = YES;
				COPY_PHASE_STRIP = NO;
				GCC_C_LANGUAGE_STANDARD = gnu99;
				GCC_DYNAMIC_NO_PIC = NO;
				GCC_OPTIMIZATION_LEVEL = 0;
				GCC_PREPROCESSOR_DEFINITIONS = (
					"DEBUG=1",
					"$(inherited)",
				);
				GCC_SYMBOLS_PRIVATE_EXTERN = NO;
				GCC_WARN_ABOUT_RETURN_TYPE = YES;
				GCC_WARN_UNINITIALIZED_AUTOS = YES;
				GCC_WARN_UNUSED_VARIABLE = YES;
				IPHONEOS_DEPLOYMENT_TARGET = 6.1;
				ONLY_ACTIVE_ARCH = YES;
				SDKROOT = iphoneos;
			};
			name = Debug;
		};
		6FC2F82A17D6C09C00E0363C /* Release */ = {
			isa = XCBuildConfiguration;
			buildSettings = {
				ALWAYS_SEARCH_USER_PATHS = NO;
				CLANG_CXX_LANGUAGE_STANDARD = "gnu++0x";
				CLANG_CXX_LIBRARY = "libc++";
				CLANG_WARN_CONSTANT_CONVERSION = YES;
				CLANG_WARN_EMPTY_BODY = YES;
				CLANG_WARN_ENUM_CONVERSION = YES;
				CLANG_WARN_INT_CONVERSION = YES;
				CLANG_WARN__DUPLICATE_METHOD_MATCH = YES;
				COPY_PHASE_STRIP = YES;
				GCC_C_LANGUAGE_STANDARD = gnu99;
				GCC_WARN_ABOUT_RETURN_TYPE = YES;
				GCC_WARN_UNINITIALIZED_AUTOS = YES;
				GCC_WARN_UNUSED_VARIABLE = YES;
				IPHONEOS_DEPLOYMENT_TARGET = 6.1;
				SDKROOT = iphoneos;
				VALIDATE_PRODUCT = YES;
			};
			name = Release;
		};
		6FC2F82C17D6C09C00E0363C /* Debug */ = {
			isa = XCBuildConfiguration;
			buildSettings = {
				DSTROOT = /tmp/OLCategoryHelper.dst;
				GCC_PRECOMPILE_PREFIX_HEADER = YES;
				GCC_PREFIX_HEADER = "OLCategoryHelper/OLCategoryHelper-Prefix.pch";
				OTHER_LDFLAGS = "-ObjC";
				PRODUCT_NAME = "$(TARGET_NAME)";
				SKIP_INSTALL = YES;
			};
			name = Debug;
		};
		6FC2F82D17D6C09C00E0363C /* Release */ = {
			isa = XCBuildConfiguration;
			buildSettings = {
				DSTROOT = /tmp/OLCategoryHelper.dst;
				GCC_PRECOMPILE_PREFIX_HEADER = YES;
				GCC_PREFIX_HEADER = "OLCategoryHelper/OLCategoryHelper-Prefix.pch";
				OTHER_LDFLAGS = "-ObjC";
				PRODUCT_NAME = "$(TARGET_NAME)";
				SKIP_INSTALL = YES;
			};
			name = Release;
		};
/* End XCBuildConfiguration section */

/* Begin XCConfigurationList section */
		6FC2F81817D6C09C00E0363C /* Build configuration list for PBXProject "OLCategoryHelper" */ = {
			isa = XCConfigurationList;
			buildConfigurations = (
				6FC2F82917D6C09C00E0363C /* Debug */,
				6FC2F82A17D6C09C00E0363C /* Release */,
			);
			defaultConfigurationIsVisible = 0;
			defaultConfigurationName = Release;
		};
		6FC2F82B17D6C09C00E0363C /* Build configuration list for PBXNativeTarget "OLCategoryHelper" */ = {
			isa = XCConfigurationList;
			buildConfigurations = (
				6FC2F82C17D6C09C00E0363C /* Debug */,
				6FC2F82D17D6C09C00E0363C /* Release */,
			);
			defaultConfigurationIsVisible = 0;
			defaultConfigurationName = Release;
		};
/* End XCConfigurationList section */
	};
	rootObject = 6FC2F81517D6C09C00E0363C /* Project object */;
}
