// !$*UTF8*$!
{
	archiveVersion = 1;
	classes = {
	};
	objectVersion = 46;
	objects = {

/* Begin PBXBuildFile section */
		6FF232E817D81AF6000AC519 /* UIKit.framework in Frameworks */ = {isa = PBXBuildFile; fileRef = 6FF232E717D81AF6000AC519 /* UIKit.framework */; };
		6FF232EA17D81AF6000AC519 /* Foundation.framework in Frameworks */ = {isa = PBXBuildFile; fileRef = 6FF232E917D81AF6000AC519 /* Foundation.framework */; };
		6FF232EC17D81AF6000AC519 /* CoreGraphics.framework in Frameworks */ = {isa = PBXBuildFile; fileRef = 6FF232EB17D81AF6000AC519 /* CoreGraphics.framework */; };
		6FF232F217D81AF6000AC519 /* InfoPlist.strings in Resources */ = {isa = PBXBuildFile; fileRef = 6FF232F017D81AF6000AC519 /* InfoPlist.strings */; };
		6FF232F417D81AF6000AC519 /* main.m in Sources */ = {isa = PBXBuildFile; fileRef = 6FF232F317D81AF6000AC519 /* main.m */; };
		6FF232F817D81AF6000AC519 /* OLAppDelegate.m in Sources */ = {isa = PBXBuildFile; fileRef = 6FF232F717D81AF6000AC519 /* OLAppDelegate.m */; };
		6FF232FA17D81AF6000AC519 /* Default.png in Resources */ = {isa = PBXBuildFile; fileRef = 6FF232F917D81AF6000AC519 /* Default.png */; };
		6FF232FC17D81AF6000AC519 /* Default@2x.png in Resources */ = {isa = PBXBuildFile; fileRef = 6FF232FB17D81AF6000AC519 /* Default@2x.png */; };
		6FF232FE17D81AF6000AC519 /* Default-568h@2x.png in Resources */ = {isa = PBXBuildFile; fileRef = 6FF232FD17D81AF6000AC519 /* Default-568h@2x.png */; };
		6FF2330117D81AF6000AC519 /* OLMasterViewController.m in Sources */ = {isa = PBXBuildFile; fileRef = 6FF2330017D81AF6000AC519 /* OLMasterViewController.m */; };
		6FF2330417D81AF6000AC519 /* OLDetailViewController.m in Sources */ = {isa = PBXBuildFile; fileRef = 6FF2330317D81AF6000AC519 /* OLDetailViewController.m */; };
		6FF2330717D81AF6000AC519 /* OLMasterViewController.xib in Resources */ = {isa = PBXBuildFile; fileRef = 6FF2330517D81AF6000AC519 /* OLMasterViewController.xib */; };
		6FF2330A17D81AF6000AC519 /* OLDetailViewController.xib in Resources */ = {isa = PBXBuildFile; fileRef = 6FF2330817D81AF6000AC519 /* OLDetailViewController.xib */; };
		8CA61AD3D92B40E784DF542A /* libPods.a in Frameworks */ = {isa = PBXBuildFile; fileRef = 61494BBE0520475991FB106F /* libPods.a */; };
/* End PBXBuildFile section */

/* Begin PBXFileReference section */
		61494BBE0520475991FB106F /* libPods.a */ = {isa = PBXFileReference; explicitFileType = archive.ar; includeInIndex = 0; path = libPods.a; sourceTree = BUILT_PRODUCTS_DIR; };
		6FF232E417D81AF6000AC519 /* OLCategoryHelperDemo.app */ = {isa = PBXFileReference; explicitFileType = wrapper.application; includeInIndex = 0; path = OLCategoryHelperDemo.app; sourceTree = BUILT_PRODUCTS_DIR; };
		6FF232E717D81AF6000AC519 /* UIKit.framework */ = {isa = PBXFileReference; lastKnownFileType = wrapper.framework; name = UIKit.framework; path = System/Library/Frameworks/UIKit.framework; sourceTree = SDKROOT; };
		6FF232E917D81AF6000AC519 /* Foundation.framework */ = {isa = PBXFileReference; lastKnownFileType = wrapper.framework; name = Foundation.framework; path = System/Library/Frameworks/Foundation.framework; sourceTree = SDKROOT; };
		6FF232EB17D81AF6000AC519 /* CoreGraphics.framework */ = {isa = PBXFileReference; lastKnownFileType = wrapper.framework; name = CoreGraphics.framework; path = System/Library/Frameworks/CoreGraphics.framework; sourceTree = SDKROOT; };
		6FF232EF17D81AF6000AC519 /* OLCategoryHelperDemo-Info.plist */ = {isa = PBXFileReference; lastKnownFileType = text.plist.xml; path = "OLCategoryHelperDemo-Info.plist"; sourceTree = "<group>"; };
		6FF232F117D81AF6000AC519 /* en */ = {isa = PBXFileReference; lastKnownFileType = text.plist.strings; name = en; path = en.lproj/InfoPlist.strings; sourceTree = "<group>"; };
		6FF232F317D81AF6000AC519 /* main.m */ = {isa = PBXFileReference; lastKnownFileType = sourcecode.c.objc; path = main.m; sourceTree = "<group>"; };
		6FF232F517D81AF6000AC519 /* OLCategoryHelperDemo-Prefix.pch */ = {isa = PBXFileReference; lastKnownFileType = sourcecode.c.h; path = "OLCategoryHelperDemo-Prefix.pch"; sourceTree = "<group>"; };
		6FF232F617D81AF6000AC519 /* OLAppDelegate.h */ = {isa = PBXFileReference; lastKnownFileType = sourcecode.c.h; path = OLAppDelegate.h; sourceTree = "<group>"; };
		6FF232F717D81AF6000AC519 /* OLAppDelegate.m */ = {isa = PBXFileReference; lastKnownFileType = sourcecode.c.objc; path = OLAppDelegate.m; sourceTree = "<group>"; };
		6FF232F917D81AF6000AC519 /* Default.png */ = {isa = PBXFileReference; lastKnownFileType = image.png; path = Default.png; sourceTree = "<group>"; };
		6FF232FB17D81AF6000AC519 /* Default@2x.png */ = {isa = PBXFileReference; lastKnownFileType = image.png; path = "Default@2x.png"; sourceTree = "<group>"; };
		6FF232FD17D81AF6000AC519 /* Default-568h@2x.png */ = {isa = PBXFileReference; lastKnownFileType = image.png; path = "Default-568h@2x.png"; sourceTree = "<group>"; };
		6FF232FF17D81AF6000AC519 /* OLMasterViewController.h */ = {isa = PBXFileReference; lastKnownFileType = sourcecode.c.h; path = OLMasterViewController.h; sourceTree = "<group>"; };
		6FF2330017D81AF6000AC519 /* OLMasterViewController.m */ = {isa = PBXFileReference; lastKnownFileType = sourcecode.c.objc; path = OLMasterViewController.m; sourceTree = "<group>"; };
		6FF2330217D81AF6000AC519 /* OLDetailViewController.h */ = {isa = PBXFileReference; lastKnownFileType = sourcecode.c.h; path = OLDetailViewController.h; sourceTree = "<group>"; };
		6FF2330317D81AF6000AC519 /* OLDetailViewController.m */ = {isa = PBXFileReference; lastKnownFileType = sourcecode.c.objc; path = OLDetailViewController.m; sourceTree = "<group>"; };
		6FF2330617D81AF6000AC519 /* en */ = {isa = PBXFileReference; lastKnownFileType = file.xib; name = en; path = en.lproj/OLMasterViewController.xib; sourceTree = "<group>"; };
		6FF2330917D81AF6000AC519 /* en */ = {isa = PBXFileReference; lastKnownFileType = file.xib; name = en; path = en.lproj/OLDetailViewController.xib; sourceTree = "<group>"; };
		956FBDDFB4B869B7A2948469 /* Pods.debug.xcconfig */ = {isa = PBXFileReference; includeInIndex = 1; lastKnownFileType = text.xcconfig; name = Pods.debug.xcconfig; path = "Pods/Target Support Files/Pods/Pods.debug.xcconfig"; sourceTree = "<group>"; };
		CA78B9D6FFD2E56834A0233B /* Pods.release.xcconfig */ = {isa = PBXFileReference; includeInIndex = 1; lastKnownFileType = text.xcconfig; name = Pods.release.xcconfig; path = "Pods/Target Support Files/Pods/Pods.release.xcconfig"; sourceTree = "<group>"; };
/* End PBXFileReference section */

/* Begin PBXFrameworksBuildPhase section */
		6FF232E117D81AF6000AC519 /* Frameworks */ = {
			isa = PBXFrameworksBuildPhase;
			buildActionMask = 2147483647;
			files = (
				6FF232E817D81AF6000AC519 /* UIKit.framework in Frameworks */,
				6FF232EA17D81AF6000AC519 /* Foundation.framework in Frameworks */,
				6FF232EC17D81AF6000AC519 /* CoreGraphics.framework in Frameworks */,
				8CA61AD3D92B40E784DF542A /* libPods.a in Frameworks */,
			);
			runOnlyForDeploymentPostprocessing = 0;
		};
/* End PBXFrameworksBuildPhase section */

/* Begin PBXGroup section */
		6FF232DB17D81AF6000AC519 = {
			isa = PBXGroup;
			children = (
				6FF232ED17D81AF6000AC519 /* OLCategoryHelperDemo */,
				6FF232E617D81AF6000AC519 /* Frameworks */,
				6FF232E517D81AF6000AC519 /* Products */,
				E9AB5F27CDA8299E5630BBB0 /* Pods */,
			);
			sourceTree = "<group>";
		};
		6FF232E517D81AF6000AC519 /* Products */ = {
			isa = PBXGroup;
			children = (
				6FF232E417D81AF6000AC519 /* OLCategoryHelperDemo.app */,
			);
			name = Products;
			sourceTree = "<group>";
		};
		6FF232E617D81AF6000AC519 /* Frameworks */ = {
			isa = PBXGroup;
			children = (
				6FF232E717D81AF6000AC519 /* UIKit.framework */,
				6FF232E917D81AF6000AC519 /* Foundation.framework */,
				6FF232EB17D81AF6000AC519 /* CoreGraphics.framework */,
				61494BBE0520475991FB106F /* libPods.a */,
			);
			name = Frameworks;
			sourceTree = "<group>";
		};
		6FF232ED17D81AF6000AC519 /* OLCategoryHelperDemo */ = {
			isa = PBXGroup;
			children = (
				6FF232F617D81AF6000AC519 /* OLAppDelegate.h */,
				6FF232F717D81AF6000AC519 /* OLAppDelegate.m */,
				6FF232FF17D81AF6000AC519 /* OLMasterViewController.h */,
				6FF2330017D81AF6000AC519 /* OLMasterViewController.m */,
				6FF2330217D81AF6000AC519 /* OLDetailViewController.h */,
				6FF2330317D81AF6000AC519 /* OLDetailViewController.m */,
				6FF2330517D81AF6000AC519 /* OLMasterViewController.xib */,
				6FF2330817D81AF6000AC519 /* OLDetailViewController.xib */,
				6FF232EE17D81AF6000AC519 /* Supporting Files */,
			);
			path = OLCategoryHelperDemo;
			sourceTree = "<group>";
		};
		6FF232EE17D81AF6000AC519 /* Supporting Files */ = {
			isa = PBXGroup;
			children = (
				6FF232EF17D81AF6000AC519 /* OLCategoryHelperDemo-Info.plist */,
				6FF232F017D81AF6000AC519 /* InfoPlist.strings */,
				6FF232F317D81AF6000AC519 /* main.m */,
				6FF232F517D81AF6000AC519 /* OLCategoryHelperDemo-Prefix.pch */,
				6FF232F917D81AF6000AC519 /* Default.png */,
				6FF232FB17D81AF6000AC519 /* Default@2x.png */,
				6FF232FD17D81AF6000AC519 /* Default-568h@2x.png */,
			);
			name = "Supporting Files";
			sourceTree = "<group>";
		};
		E9AB5F27CDA8299E5630BBB0 /* Pods */ = {
			isa = PBXGroup;
			children = (
				956FBDDFB4B869B7A2948469 /* Pods.debug.xcconfig */,
				CA78B9D6FFD2E56834A0233B /* Pods.release.xcconfig */,
			);
			name = Pods;
			sourceTree = "<group>";
		};
/* End PBXGroup section */

/* Begin PBXNativeTarget section */
		6FF232E317D81AF6000AC519 /* OLCategoryHelperDemo */ = {
			isa = PBXNativeTarget;
			buildConfigurationList = 6FF2330D17D81AF6000AC519 /* Build configuration list for PBXNativeTarget "OLCategoryHelperDemo" */;
			buildPhases = (
				966A57EF4D984D288CB2177A /* Check Pods Manifest.lock */,
				6FF232E017D81AF6000AC519 /* Sources */,
				6FF232E117D81AF6000AC519 /* Frameworks */,
				6FF232E217D81AF6000AC519 /* Resources */,
				B6D716AE8E834CF6BAFE1C46 /* Copy Pods Resources */,
			);
			buildRules = (
			);
			dependencies = (
			);
			name = OLCategoryHelperDemo;
			productName = OLCategoryHelperDemo;
			productReference = 6FF232E417D81AF6000AC519 /* OLCategoryHelperDemo.app */;
			productType = "com.apple.product-type.application";
		};
/* End PBXNativeTarget section */

/* Begin PBXProject section */
		6FF232DC17D81AF6000AC519 /* Project object */ = {
			isa = PBXProject;
			attributes = {
				CLASSPREFIX = OL;
				LastUpgradeCheck = 0460;
				ORGANIZATIONNAME = "Octalord Information Inc.";
			};
			buildConfigurationList = 6FF232DF17D81AF6000AC519 /* Build configuration list for PBXProject "OLCategoryHelperDemo" */;
			compatibilityVersion = "Xcode 3.2";
			developmentRegion = English;
			hasScannedForEncodings = 0;
			knownRegions = (
				en,
			);
			mainGroup = 6FF232DB17D81AF6000AC519;
			productRefGroup = 6FF232E517D81AF6000AC519 /* Products */;
			projectDirPath = "";
			projectRoot = "";
			targets = (
				6FF232E317D81AF6000AC519 /* OLCategoryHelperDemo */,
			);
		};
/* End PBXProject section */

/* Begin PBXResourcesBuildPhase section */
		6FF232E217D81AF6000AC519 /* Resources */ = {
			isa = PBXResourcesBuildPhase;
			buildActionMask = 2147483647;
			files = (
				6FF232F217D81AF6000AC519 /* InfoPlist.strings in Resources */,
				6FF232FA17D81AF6000AC519 /* Default.png in Resources */,
				6FF232FC17D81AF6000AC519 /* Default@2x.png in Resources */,
				6FF232FE17D81AF6000AC519 /* Default-568h@2x.png in Resources */,
				6FF2330717D81AF6000AC519 /* OLMasterViewController.xib in Resources */,
				6FF2330A17D81AF6000AC519 /* OLDetailViewController.xib in Resources */,
			);
			runOnlyForDeploymentPostprocessing = 0;
		};
/* End PBXResourcesBuildPhase section */

/* Begin PBXShellScriptBuildPhase section */
		966A57EF4D984D288CB2177A /* Check Pods Manifest.lock */ = {
			isa = PBXShellScriptBuildPhase;
			buildActionMask = 2147483647;
			files = (
			);
			inputPaths = (
			);
			name = "Check Pods Manifest.lock";
			outputPaths = (
			);
			runOnlyForDeploymentPostprocessing = 0;
			shellPath = /bin/sh;
			shellScript = "diff \"${PODS_ROOT}/../Podfile.lock\" \"${PODS_ROOT}/Manifest.lock\" > /dev/null\nif [[ $? != 0 ]] ; then\n    cat << EOM\nerror: The sandbox is not in sync with the Podfile.lock. Run 'pod install' or update your CocoaPods installation.\nEOM\n    exit 1\nfi\n";
			showEnvVarsInLog = 0;
		};
		B6D716AE8E834CF6BAFE1C46 /* Copy Pods Resources */ = {
			isa = PBXShellScriptBuildPhase;
			buildActionMask = 2147483647;
			files = (
			);
			inputPaths = (
			);
			name = "Copy Pods Resources";
			outputPaths = (
			);
			runOnlyForDeploymentPostprocessing = 0;
			shellPath = /bin/sh;
			shellScript = "\"${SRCROOT}/Pods/Target Support Files/Pods/Pods-resources.sh\"\n";
			showEnvVarsInLog = 0;
		};
/* End PBXShellScriptBuildPhase section */

/* Begin PBXSourcesBuildPhase section */
		6FF232E017D81AF6000AC519 /* Sources */ = {
			isa = PBXSourcesBuildPhase;
			buildActionMask = 2147483647;
			files = (
				6FF232F417D81AF6000AC519 /* main.m in Sources */,
				6FF232F817D81AF6000AC519 /* OLAppDelegate.m in Sources */,
				6FF2330117D81AF6000AC519 /* OLMasterViewController.m in Sources */,
				6FF2330417D81AF6000AC519 /* OLDetailViewController.m in Sources */,
			);
			runOnlyForDeploymentPostprocessing = 0;
		};
/* End PBXSourcesBuildPhase section */

/* Begin PBXVariantGroup section */
		6FF232F017D81AF6000AC519 /* InfoPlist.strings */ = {
			isa = PBXVariantGroup;
			children = (
				6FF232F117D81AF6000AC519 /* en */,
			);
			name = InfoPlist.strings;
			sourceTree = "<group>";
		};
		6FF2330517D81AF6000AC519 /* OLMasterViewController.xib */ = {
			isa = PBXVariantGroup;
			children = (
				6FF2330617D81AF6000AC519 /* en */,
			);
			name = OLMasterViewController.xib;
			sourceTree = "<group>";
		};
		6FF2330817D81AF6000AC519 /* OLDetailViewController.xib */ = {
			isa = PBXVariantGroup;
			children = (
				6FF2330917D81AF6000AC519 /* en */,
			);
			name = OLDetailViewController.xib;
			sourceTree = "<group>";
		};
/* End PBXVariantGroup section */

/* Begin XCBuildConfiguration section */
		6FF2330B17D81AF6000AC519 /* Debug */ = {
			isa = XCBuildConfiguration;
			buildSettings = {
				ALWAYS_SEARCH_USER_PATHS = NO;
				CLANG_CXX_LANGUAGE_STANDARD = "gnu++0x";
				CLANG_CXX_LIBRARY = "libc++";
				CLANG_WARN_CONSTANT_CONVERSION = YES;
				CLANG_WARN_EMPTY_BODY = YES;
				CLANG_WARN_ENUM_CONVERSION = YES;
				CLANG_WARN_INT_CONVERSION = YES;
				CLANG_WARN__DUPLICATE_METHOD_MATCH = YES;
				"CODE_SIGN_IDENTITY[sdk=iphoneos*]" = "iPhone Developer";
				COPY_PHASE_STRIP = NO;
				GCC_C_LANGUAGE_STANDARD = gnu99;
				GCC_DYNAMIC_NO_PIC = NO;
				GCC_OPTIMIZATION_LEVEL = 0;
				GCC_PREPROCESSOR_DEFINITIONS = (
					"DEBUG=1",
					"$(inherited)",
				);
				GCC_SYMBOLS_PRIVATE_EXTERN = NO;
				GCC_WARN_ABOUT_RETURN_TYPE = YES;
				GCC_WARN_UNINITIALIZED_AUTOS = YES;
				GCC_WARN_UNUSED_VARIABLE = YES;
				IPHONEOS_DEPLOYMENT_TARGET = 6.1;
				ONLY_ACTIVE_ARCH = YES;
				SDKROOT = iphoneos;
			};
			name = Debug;
		};
		6FF2330C17D81AF6000AC519 /* Release */ = {
			isa = XCBuildConfiguration;
			buildSettings = {
				ALWAYS_SEARCH_USER_PATHS = NO;
				CLANG_CXX_LANGUAGE_STANDARD = "gnu++0x";
				CLANG_CXX_LIBRARY = "libc++";
				CLANG_WARN_CONSTANT_CONVERSION = YES;
				CLANG_WARN_EMPTY_BODY = YES;
				CLANG_WARN_ENUM_CONVERSION = YES;
				CLANG_WARN_INT_CONVERSION = YES;
				CLANG_WARN__DUPLICATE_METHOD_MATCH = YES;
				"CODE_SIGN_IDENTITY[sdk=iphoneos*]" = "iPhone Developer";
				COPY_PHASE_STRIP = YES;
				GCC_C_LANGUAGE_STANDARD = gnu99;
				GCC_WARN_ABOUT_RETURN_TYPE = YES;
				GCC_WARN_UNINITIALIZED_AUTOS = YES;
				GCC_WARN_UNUSED_VARIABLE = YES;
				IPHONEOS_DEPLOYMENT_TARGET = 6.1;
				OTHER_CFLAGS = "-DNS_BLOCK_ASSERTIONS=1";
				SDKROOT = iphoneos;
				VALIDATE_PRODUCT = YES;
			};
			name = Release;
		};
		6FF2330E17D81AF6000AC519 /* Debug */ = {
			isa = XCBuildConfiguration;
			baseConfigurationReference = 956FBDDFB4B869B7A2948469 /* Pods.debug.xcconfig */;
			buildSettings = {
				GCC_PRECOMPILE_PREFIX_HEADER = YES;
				GCC_PREFIX_HEADER = "OLCategoryHelperDemo/OLCategoryHelperDemo-Prefix.pch";
				INFOPLIST_FILE = "OLCategoryHelperDemo/OLCategoryHelperDemo-Info.plist";
				PRODUCT_NAME = "$(TARGET_NAME)";
				WRAPPER_EXTENSION = app;
			};
			name = Debug;
		};
		6FF2330F17D81AF6000AC519 /* Release */ = {
			isa = XCBuildConfiguration;
			baseConfigurationReference = CA78B9D6FFD2E56834A0233B /* Pods.release.xcconfig */;
			buildSettings = {
				GCC_PRECOMPILE_PREFIX_HEADER = YES;
				GCC_PREFIX_HEADER = "OLCategoryHelperDemo/OLCategoryHelperDemo-Prefix.pch";
				INFOPLIST_FILE = "OLCategoryHelperDemo/OLCategoryHelperDemo-Info.plist";
				PRODUCT_NAME = "$(TARGET_NAME)";
				WRAPPER_EXTENSION = app;
			};
			name = Release;
		};
/* End XCBuildConfiguration section */

/* Begin XCConfigurationList section */
		6FF232DF17D81AF6000AC519 /* Build configuration list for PBXProject "OLCategoryHelperDemo" */ = {
			isa = XCConfigurationList;
			buildConfigurations = (
				6FF2330B17D81AF6000AC519 /* Debug */,
				6FF2330C17D81AF6000AC519 /* Release */,
			);
			defaultConfigurationIsVisible = 0;
			defaultConfigurationName = Release;
		};
		6FF2330D17D81AF6000AC519 /* Build configuration list for PBXNativeTarget "OLCategoryHelperDemo" */ = {
			isa = XCConfigurationList;
			buildConfigurations = (
				6FF2330E17D81AF6000AC519 /* Debug */,
				6FF2330F17D81AF6000AC519 /* Release */,
			);
			defaultConfigurationIsVisible = 0;
			defaultConfigurationName = Release;
		};
/* End XCConfigurationList section */
	};
	rootObject = 6FF232DC17D81AF6000AC519 /* Project object */;
}
