PODS:
  - OLCategoryHelper/Category/NSData (0.0.3):
    - OLCategoryHelper/NSData+AES
  - OLCategoryHelper/Category/NSDate (0.0.3):
    - OLCategoryHelper/NSDate+Translator
  - OLCategoryHelper/Category/NSDictionary (0.0.3):
    - OLCategoryHelper/NSDictionary+JSON
  - OLCategoryHelper/Category/NSNumber (0.0.3):
    - OLCategoryHelper/NSNumber+Date
    - OLCategoryHelper/NSNumber+Random
  - OLCategoryHelper/Category/NSString (0.0.3):
    - OLCategoryHelper/NSString+Blank
    - OLCategoryHelper/NSString+BOOL
    - OLCategoryHelper/NSString+Contains
    - OLCategoryHelper/NSString+InterfaceOrientation
  - OLCategoryHelper/Category/UIColor (0.0.3):
    - OLCategoryHelper/UIColor+HexString
    - OLCategoryHelper/UIColor+RGB
  - OLCategoryHelper/Category/UIDevice (0.0.3):
    - OLCategoryHelper/UIDevice+Enumerator
    - OLCategoryHelper/UIDevice+Resolutions
  - OLCategoryHelper/Category/UIImage (0.0.3):
    - OLCategoryHelper/UIImage+H568
  - OLCategoryHelper/Category/UINavigationController (0.0.3):
    - OLCategoryHelper/UINavigationController+OrientationSettings
    - OLCategoryHelper/UINavigationController+Pilot
  - OLCategoryHelper/Category/UIView (0.0.3):
    - OLCategoryHelper/UIView+ViewFrameGeometry
  - OLCategoryHelper/NSData+AES (0.0.3)
  - OLCategoryHelper/NSDate+Translator (0.0.3)
  - OLCategoryHelper/NSDictionary+JSON (0.0.3)
  - OLCategoryHelper/NSNumber+Date (0.0.3)
  - OLCategoryHelper/NSNumber+Random (0.0.3)
  - OLCategoryHelper/NSString+Blank (0.0.3):
    - OLCategoryHelper/NSString+BOOL
  - OLCategoryHelper/NSString+BOOL (0.0.3)
  - OLCategoryHelper/NSString+Contains (0.0.3)
  - OLCategoryHelper/NSString+InterfaceOrientation (0.0.3)
  - OLCategoryHelper/UIColor+HexString (0.0.3)
  - OLCategoryHelper/UIColor+RGB (0.0.3)
  - OLCategoryHelper/UIDevice+Enumerator (0.0.3)
  - OLCategoryHelper/UIDevice+Resolutions (0.0.3)
  - OLCategoryHelper/UIImage+H568 (0.0.3):
    - OLCategoryHelper/UIDevice+Resolutions
  - OLCategoryHelper/UINavigationController+OrientationSettings (0.0.3)
  - OLCategoryHelper/UINavigationController+Pilot (0.0.3)
  - OLCategoryHelper/UIView+ViewFrameGeometry (0.0.3)

DEPENDENCIES:
  - OLCategoryHelper/Category/NSData (from `https://gist.github.com/payliu/6432443/raw/OLCategoryHelper.podspec`)
  - OLCategoryHelper/Category/NSDate (from `https://gist.github.com/payliu/6432443/raw/OLCategoryHelper.podspec`)
  - OLCategoryHelper/Category/NSDictionary (from `https://gist.github.com/payliu/6432443/raw/OLCategoryHelper.podspec`)
  - OLCategoryHelper/Category/NSNumber (from `https://gist.github.com/payliu/6432443/raw/OLCategoryHelper.podspec`)
  - OLCategoryHelper/Category/NSString (from `https://gist.github.com/payliu/6432443/raw/OLCategoryHelper.podspec`)
  - OLCategoryHelper/Category/UIColor (from `https://gist.github.com/payliu/6432443/raw/OLCategoryHelper.podspec`)
  - OLCategoryHelper/Category/UIDevice (from `https://gist.github.com/payliu/6432443/raw/OLCategoryHelper.podspec`)
  - OLCategoryHelper/Category/UIImage (from `https://gist.github.com/payliu/6432443/raw/OLCategoryHelper.podspec`)
  - OLCategoryHelper/Category/UINavigationController (from `https://gist.github.com/payliu/6432443/raw/OLCategoryHelper.podspec`)
  - OLCategoryHelper/Category/UIView (from `https://gist.github.com/payliu/6432443/raw/OLCategoryHelper.podspec`)

EXTERNAL SOURCES:
  OLCategoryHelper:
    :podspec: https://gist.github.com/payliu/6432443/raw/OLCategoryHelper.podspec

SPEC CHECKSUMS:
  OLCategoryHelper: 0799a91b94acf8b7c1880d24476bd90003a02f2a

COCOAPODS: 0.37.1
